
Microsoft Visual Studio Solution File, Format Version 12.00
# Visual Studio Version 17
VisualStudioVersion = 17.0.31612.314
MinimumVisualStudioVersion = 10.0.40219.1
Project("{FAE04EC0-301F-11D3-BF4B-00C04F79EFBC}") = "MeteoInfoDLL", "MeteoInfoDLL\MeteoInfoDLL.csproj", "{8EEF395B-5B8E-4984-B0AB-4A95B7E24165}"
EndProject
Global
	GlobalSection(SolutionConfigurationPlatforms) = preSolution
		Debug|Any CPU = Debug|Any CPU
		Release|Any CPU = Release|Any CPU
	EndGlobalSection
	GlobalSection(ProjectConfigurationPlatforms) = postSolution
		{8EEF395B-5B8E-4984-B0AB-4A95B7E24165}.Debug|Any CPU.ActiveCfg = Debug|Any CPU
		{8EEF395B-5B8E-4984-B0AB-4A95B7E24165}.Debug|Any CPU.Build.0 = Debug|Any CPU
		{8EEF395B-5B8E-4984-B0AB-4A95B7E24165}.Release|Any CPU.ActiveCfg = Release|Any CPU
		{8EEF395B-5B8E-4984-B0AB-4A95B7E24165}.Release|Any CPU.Build.0 = Release|Any CPU
	EndGlobalSection
	GlobalSection(SolutionProperties) = preSolution
		HideSolutionNode = FALSE
	EndGlobalSection
	GlobalSection(ExtensibilityGlobals) = postSolution
		SolutionGuid = {63A04812-755C-4AD8-8529-4EEB33F6B400}
	EndGlobalSection
EndGlobal
